
Microsoft Visual Studio Solution File, Format Version 12.00
# Visual Studio Version 16
VisualStudioVersion = 16.0.30907.101
MinimumVisualStudioVersion = 10.0.40219.1
Project("{FAE04EC0-301F-11D3-BF4B-00C04F79EFBC}") = "Numero primo", "Numero primo\Numero primo.csproj", "{B13C227D-7FC7-42C5-B1D8-316A9A312250}"
EndProject
Global
	GlobalSection(SolutionConfigurationPlatforms) = preSolution
		Debug|Any CPU = Debug|Any CPU
		Release|Any CPU = Release|Any CPU
	EndGlobalSection
	GlobalSection(ProjectConfigurationPlatforms) = postSolution
		{B13C227D-7FC7-42C5-B1D8-316A9A312250}.Debug|Any CPU.ActiveCfg = Debug|Any CPU
		{B13C227D-7FC7-42C5-B1D8-316A9A312250}.Debug|Any CPU.Build.0 = Debug|Any CPU
		{B13C227D-7FC7-42C5-B1D8-316A9A312250}.Release|Any CPU.ActiveCfg = Release|Any CPU
		{B13C227D-7FC7-42C5-B1D8-316A9A312250}.Release|Any CPU.Build.0 = Release|Any CPU
	EndGlobalSection
	GlobalSection(SolutionProperties) = preSolution
		HideSolutionNode = FALSE
	EndGlobalSection
	GlobalSection(ExtensibilityGlobals) = postSolution
		SolutionGuid = {1C99F293-91AF-4365-BB92-FA8CAE18B87E}
	EndGlobalSection
EndGlobal
