
Microsoft Visual Studio Solution File, Format Version 12.00
# Visual Studio Version 16
VisualStudioVersion = 16.0.30907.101
MinimumVisualStudioVersion = 10.0.40219.1
Project("{FAE04EC0-301F-11D3-BF4B-00C04F79EFBC}") = "DESCUENTO", "DESCUENTO\DESCUENTO.csproj", "{CEEE9DDE-390C-4FFC-9009-CA7B04237903}"
EndProject
Global
	GlobalSection(SolutionConfigurationPlatforms) = preSolution
		Debug|Any CPU = Debug|Any CPU
		Release|Any CPU = Release|Any CPU
	EndGlobalSection
	GlobalSection(ProjectConfigurationPlatforms) = postSolution
		{CEEE9DDE-390C-4FFC-9009-CA7B04237903}.Debug|Any CPU.ActiveCfg = Debug|Any CPU
		{CEEE9DDE-390C-4FFC-9009-CA7B04237903}.Debug|Any CPU.Build.0 = Debug|Any CPU
		{CEEE9DDE-390C-4FFC-9009-CA7B04237903}.Release|Any CPU.ActiveCfg = Release|Any CPU
		{CEEE9DDE-390C-4FFC-9009-CA7B04237903}.Release|Any CPU.Build.0 = Release|Any CPU
	EndGlobalSection
	GlobalSection(SolutionProperties) = preSolution
		HideSolutionNode = FALSE
	EndGlobalSection
	GlobalSection(ExtensibilityGlobals) = postSolution
		SolutionGuid = {4EA63F07-D6F2-43AE-9D7C-46A4D8CA0244}
	EndGlobalSection
EndGlobal
